<?xml version="1.0" encoding="UTF-8" standalone="yes" ?>
<CodeBlocks_project_file>
	<FileVersion major="1" minor="6" />
	<Project>
		<Option title="appDeMusica" />
		<Option pch_mode="2" />
		<Option compiler="gcc" />
		<Build>
			<Target title="Debug">
				<Option output="bin/Debug/appDeMusica" prefix_auto="1" extension_auto="1" />
				<Option object_output="obj/Debug/" />
				<Option type="1" />
				<Option compiler="gcc" />
				<Compiler>
					<Add option="-g" />
					<Add directory="../appDeMusica" />
					<Add directory="appDeMusica" />
					<Add directory="../appDeMusica-fede" />
					<Add directory="./" />
					<Add directory="../appDeMusica-main fede" />
				</Compiler>
			</Target>
			<Target title="Release">
				<Option output="bin/Release/appDeMusica" prefix_auto="1" extension_auto="1" />
				<Option object_output="obj/Release/" />
				<Option type="1" />
				<Option compiler="gcc" />
				<Compiler>
					<Add option="-O2" />
					<Add directory="../appDeMusica" />
					<Add directory="appDeMusica" />
					<Add directory="../appDeMusica-fede" />
					<Add directory="./" />
					<Add directory="../appDeMusica-main fede" />
				</Compiler>
				<Linker>
					<Add option="-s" />
				</Linker>
			</Target>
		</Build>
		<Compiler>
			<Add option="-Wall" />
			<Add option="-fexceptions" />
		</Compiler>
		<Unit filename="AppMusica.cpp" />
		<Unit filename="AppMusica.h" />
		<Unit filename="Artista.cpp" />
		<Unit filename="Artista.h" />
		<Unit filename="ArtistaArchivo.cpp" />
		<Unit filename="ArtistaArchivo.h" />
		<Unit filename="ArtistaManager.cpp" />
		<Unit filename="ArtistaManager.h" />
		<Unit filename="Cancion.cpp" />
		<Unit filename="Cancion.h" />
		<Unit filename="CancionArchivo.cpp" />
		<Unit filename="CancionArchivo.h" />
		<Unit filename="CancionManager.cpp" />
		<Unit filename="CancionManager.h" />
		<Unit filename="Fecha.cpp" />
		<Unit filename="Fecha.h" />
		<Unit filename="FuncionesGlobales.cpp" />
		<Unit filename="FuncionesGlobales.h" />
		<Unit filename="Genero.cpp" />
		<Unit filename="Genero.h" />
		<Unit filename="GeneroArchivo.cpp" />
		<Unit filename="GeneroArchivo.h" />
		<Unit filename="GeneroManager.cpp" />
		<Unit filename="GeneroManager.h" />
		<Unit filename="MenuAdministrador.cpp" />
		<Unit filename="MenuAdministrador.h" />
		<Unit filename="MenuArtista.cpp" />
		<Unit filename="MenuArtista.h" />
		<Unit filename="MenuPrincipal.cpp" />
		<Unit filename="MenuPrincipal.h" />
		<Unit filename="MenuSuscriptor.cpp" />
		<Unit filename="MenuSuscriptor.h" />
		<Unit filename="Persona.cpp" />
		<Unit filename="Persona.h" />
		<Unit filename="Playlist.cpp" />
		<Unit filename="Playlist.h" />
		<Unit filename="PlaylistArchivo.cpp" />
		<Unit filename="PlaylistArchivo.h" />
		<Unit filename="PlaylistCancion.cpp" />
		<Unit filename="PlaylistCancion.h" />
		<Unit filename="PlaylistCancionArchivo.cpp" />
		<Unit filename="PlaylistCancionArchivo.h" />
		<Unit filename="PlaylistManager.cpp" />
		<Unit filename="PlaylistManager.h" />
		<Unit filename="ReproduccionSuscriptor.cpp" />
		<Unit filename="ReproduccionSuscriptor.h" />
		<Unit filename="ReproduccionSuscriptorArchivo.cpp" />
		<Unit filename="ReproduccionSuscriptorArchivo.h" />
		<Unit filename="Suscriptor.cpp" />
		<Unit filename="Suscriptor.h" />
		<Unit filename="SuscriptorArchivo.cpp" />
		<Unit filename="SuscriptorArchivo.h" />
		<Unit filename="SuscriptorManager.cpp" />
		<Unit filename="SuscriptorManager.h" />
		<Unit filename="main.cpp" />
		<Extensions>
			<lib_finder disable_auto="1" />
		</Extensions>
	</Project>
</CodeBlocks_project_file>
